<Solution>
  <Configurations>
    <Platform Name="Any CPU" />
    <Platform Name="x64" />
    <Platform Name="x86" />
  </Configurations>
  <Project Path="HousingApp.Api/HousingApp.Api.csproj" />
  <Project Path="HousingApp.Application/HousingApp.Application.csproj" />
  <Project Path="HousingApp.Domain/HousingApp.Domain.csproj" />
  <Project Path="HousingApp.Infrastructure/HousingApp.Infrastructure.csproj" />
</Solution>
